filippo.io/edwards25519 v1.0.0-rc.1 h1:m0VOOB23frXZvAOK44usCgLWvtsxIoMCTBGJZlpmGfU=
filippo.io/edwards25519 v1.0.0-rc.1/go.mod h1:N1IkdkCkiLB6tki+MYJoSx2JTY9NUlxZE7eHn5EwJns=
github.com/ProtonMail/go-ecvrf v0.0.1 h1:wv45+kZ0mG4G9oSTMjAlbgKqa4tPbNr4WLoCWqz5/bo=
github.com/ProtonMail/go-ecvrf v0.0.1/go.mod h1:fhZbiRYn62/JGnBG2NGwCx0oT+gr/+I5R/hwiyAFpAU=
